
Microsoft Visual Studio Solution File, Format Version 12.00
# Visual Studio Version 17
VisualStudioVersion = 17.4.33122.133
MinimumVisualStudioVersion = 10.0.40219.1
Project("{9A19103F-16F7-4668-BE54-9A1E7A4F7556}") = "client", "A1_711\client.csproj", "{A5469257-FC10-47C8-BB48-C3282FF8514B}"
EndProject
Project("{9A19103F-16F7-4668-BE54-9A1E7A4F7556}") = "server", "server\server.csproj", "{7CF103ED-16EF-4857-B876-72A87691FA11}"
EndProject
Project("{FAE04EC0-301F-11D3-BF4B-00C04F79EFBC}") = "shardLib", "shardLib\shardLib.csproj", "{C874CCFE-87CC-4FF2-BCB5-1D7C94282631}"
EndProject
Global
	GlobalSection(SolutionConfigurationPlatforms) = preSolution
		Debug|Any CPU = Debug|Any CPU
		Release|Any CPU = Release|Any CPU
	EndGlobalSection
	GlobalSection(ProjectConfigurationPlatforms) = postSolution
		{A5469257-FC10-47C8-BB48-C3282FF8514B}.Debug|Any CPU.ActiveCfg = Debug|Any CPU
		{A5469257-FC10-47C8-BB48-C3282FF8514B}.Debug|Any CPU.Build.0 = Debug|Any CPU
		{A5469257-FC10-47C8-BB48-C3282FF8514B}.Release|Any CPU.ActiveCfg = Release|Any CPU
		{A5469257-FC10-47C8-BB48-C3282FF8514B}.Release|Any CPU.Build.0 = Release|Any CPU
		{7CF103ED-16EF-4857-B876-72A87691FA11}.Debug|Any CPU.ActiveCfg = Debug|Any CPU
		{7CF103ED-16EF-4857-B876-72A87691FA11}.Debug|Any CPU.Build.0 = Debug|Any CPU
		{7CF103ED-16EF-4857-B876-72A87691FA11}.Release|Any CPU.ActiveCfg = Release|Any CPU
		{7CF103ED-16EF-4857-B876-72A87691FA11}.Release|Any CPU.Build.0 = Release|Any CPU
		{C874CCFE-87CC-4FF2-BCB5-1D7C94282631}.Debug|Any CPU.ActiveCfg = Debug|Any CPU
		{C874CCFE-87CC-4FF2-BCB5-1D7C94282631}.Debug|Any CPU.Build.0 = Debug|Any CPU
		{C874CCFE-87CC-4FF2-BCB5-1D7C94282631}.Release|Any CPU.ActiveCfg = Release|Any CPU
		{C874CCFE-87CC-4FF2-BCB5-1D7C94282631}.Release|Any CPU.Build.0 = Release|Any CPU
	EndGlobalSection
	GlobalSection(SolutionProperties) = preSolution
		HideSolutionNode = FALSE
	EndGlobalSection
	GlobalSection(ExtensibilityGlobals) = postSolution
		SolutionGuid = {F9D68AE1-AEF1-4A26-AF43-AEA4F9215CC8}
	EndGlobalSection
EndGlobal
